
Microsoft Visual Studio Solution File, Format Version 12.00
# Visual Studio Version 17
VisualStudioVersion = 17.8.34511.84
MinimumVisualStudioVersion = 10.0.40219.1
Project("{FAE04EC0-301F-11D3-BF4B-00C04F79EFBC}") = "Group7_Assignment1_Calculator", "Group7_Assignment1_Calculator\Group7_Assignment1_Calculator.csproj", "{761CD080-77E3-4B6A-8888-4483051BE29E}"
EndProject
Global
	GlobalSection(SolutionConfigurationPlatforms) = preSolution
		Debug|Any CPU = Debug|Any CPU
		Release|Any CPU = Release|Any CPU
	EndGlobalSection
	GlobalSection(ProjectConfigurationPlatforms) = postSolution
		{761CD080-77E3-4B6A-8888-4483051BE29E}.Debug|Any CPU.ActiveCfg = Debug|Any CPU
		{761CD080-77E3-4B6A-8888-4483051BE29E}.Debug|Any CPU.Build.0 = Debug|Any CPU
		{761CD080-77E3-4B6A-8888-4483051BE29E}.Release|Any CPU.ActiveCfg = Release|Any CPU
		{761CD080-77E3-4B6A-8888-4483051BE29E}.Release|Any CPU.Build.0 = Release|Any CPU
	EndGlobalSection
	GlobalSection(SolutionProperties) = preSolution
		HideSolutionNode = FALSE
	EndGlobalSection
	GlobalSection(ExtensibilityGlobals) = postSolution
		SolutionGuid = {4C41B82F-D6DC-45FF-BE86-026A3EF3D858}
	EndGlobalSection
EndGlobal
